
Microsoft Visual Studio Solution File, Format Version 12.00
# Visual Studio 2013
VisualStudioVersion = 12.0.31101.0
MinimumVisualStudioVersion = 10.0.40219.1
Project("{F2A71F9B-5D33-465A-A702-920D77279786}") = "Captain Prime", "Captain Prime\Captain Prime.fsproj", "{2BD76124-28F9-4163-8F6D-1166B683FDD8}"
EndProject
Project("{F2A71F9B-5D33-465A-A702-920D77279786}") = "Huge GCD", "Huge GCD\Huge GCD.fsproj", "{AFCF931D-EB3F-4F1F-B328-70BFAA50A26C}"
EndProject
Project("{F2A71F9B-5D33-465A-A702-920D77279786}") = "Subset Sum", "Subset Sum\Subset Sum.fsproj", "{6BF7B25D-2046-45AE-849F-56A30B29E29D}"
EndProject
Project("{F2A71F9B-5D33-465A-A702-920D77279786}") = "Missing Numbers FP", "Missing Numbers FP\Missing Numbers FP.fsproj", "{6A29A102-B5A3-4ACE-A971-E0AACEE63FB3}"
EndProject
Project("{F2A71F9B-5D33-465A-A702-920D77279786}") = "Jumping Bunnies", "Jumping Bunnies\Jumping Bunnies.fsproj", "{E00A06D8-1757-4A5C-BAF6-18E74E77A67C}"
EndProject
Project("{F2A71F9B-5D33-465A-A702-920D77279786}") = "Sequence full of colors", "Sequence full of colors\Sequence full of colors.fsproj", "{730DD4AD-2C54-41E5-AE15-76242D79D170}"
EndProject
Project("{F2A71F9B-5D33-465A-A702-920D77279786}") = "Minimum Multiple", "Minimum Multiple\Minimum Multiple.fsproj", "{0675EC51-8AF1-4E61-A391-6893AFF3C274}"
EndProject
Project("{F2A71F9B-5D33-465A-A702-920D77279786}") = "A very big sum", "A very big sum\A very big sum.fsproj", "{A564E6F6-39A6-4012-826F-B16D7440AE3E}"
EndProject
Project("{F2A71F9B-5D33-465A-A702-920D77279786}") = "Caesar Cipher", "Caesar Cipher\Caesar Cipher.fsproj", "{1FBE3588-5896-4AF2-BCC8-B9CB09CE6802}"
EndProject
Project("{F2A71F9B-5D33-465A-A702-920D77279786}") = "Extra long factorials", "Extra long factorials\Extra long factorials.fsproj", "{809ED039-9173-4AB2-9E80-92710643D24B}"
EndProject
Global
	GlobalSection(SolutionConfigurationPlatforms) = preSolution
		Debug|Any CPU = Debug|Any CPU
		Release|Any CPU = Release|Any CPU
	EndGlobalSection
	GlobalSection(ProjectConfigurationPlatforms) = postSolution
		{2BD76124-28F9-4163-8F6D-1166B683FDD8}.Debug|Any CPU.ActiveCfg = Debug|Any CPU
		{2BD76124-28F9-4163-8F6D-1166B683FDD8}.Debug|Any CPU.Build.0 = Debug|Any CPU
		{2BD76124-28F9-4163-8F6D-1166B683FDD8}.Release|Any CPU.ActiveCfg = Release|Any CPU
		{2BD76124-28F9-4163-8F6D-1166B683FDD8}.Release|Any CPU.Build.0 = Release|Any CPU
		{AFCF931D-EB3F-4F1F-B328-70BFAA50A26C}.Debug|Any CPU.ActiveCfg = Debug|Any CPU
		{AFCF931D-EB3F-4F1F-B328-70BFAA50A26C}.Debug|Any CPU.Build.0 = Debug|Any CPU
		{AFCF931D-EB3F-4F1F-B328-70BFAA50A26C}.Release|Any CPU.ActiveCfg = Release|Any CPU
		{AFCF931D-EB3F-4F1F-B328-70BFAA50A26C}.Release|Any CPU.Build.0 = Release|Any CPU
		{6BF7B25D-2046-45AE-849F-56A30B29E29D}.Debug|Any CPU.ActiveCfg = Debug|Any CPU
		{6BF7B25D-2046-45AE-849F-56A30B29E29D}.Debug|Any CPU.Build.0 = Debug|Any CPU
		{6BF7B25D-2046-45AE-849F-56A30B29E29D}.Release|Any CPU.ActiveCfg = Release|Any CPU
		{6BF7B25D-2046-45AE-849F-56A30B29E29D}.Release|Any CPU.Build.0 = Release|Any CPU
		{6A29A102-B5A3-4ACE-A971-E0AACEE63FB3}.Debug|Any CPU.ActiveCfg = Debug|Any CPU
		{6A29A102-B5A3-4ACE-A971-E0AACEE63FB3}.Debug|Any CPU.Build.0 = Debug|Any CPU
		{6A29A102-B5A3-4ACE-A971-E0AACEE63FB3}.Release|Any CPU.ActiveCfg = Release|Any CPU
		{6A29A102-B5A3-4ACE-A971-E0AACEE63FB3}.Release|Any CPU.Build.0 = Release|Any CPU
		{E00A06D8-1757-4A5C-BAF6-18E74E77A67C}.Debug|Any CPU.ActiveCfg = Debug|Any CPU
		{E00A06D8-1757-4A5C-BAF6-18E74E77A67C}.Debug|Any CPU.Build.0 = Debug|Any CPU
		{E00A06D8-1757-4A5C-BAF6-18E74E77A67C}.Release|Any CPU.ActiveCfg = Release|Any CPU
		{E00A06D8-1757-4A5C-BAF6-18E74E77A67C}.Release|Any CPU.Build.0 = Release|Any CPU
		{730DD4AD-2C54-41E5-AE15-76242D79D170}.Debug|Any CPU.ActiveCfg = Debug|Any CPU
		{730DD4AD-2C54-41E5-AE15-76242D79D170}.Debug|Any CPU.Build.0 = Debug|Any CPU
		{730DD4AD-2C54-41E5-AE15-76242D79D170}.Release|Any CPU.ActiveCfg = Release|Any CPU
		{730DD4AD-2C54-41E5-AE15-76242D79D170}.Release|Any CPU.Build.0 = Release|Any CPU
		{0675EC51-8AF1-4E61-A391-6893AFF3C274}.Debug|Any CPU.ActiveCfg = Debug|Any CPU
		{0675EC51-8AF1-4E61-A391-6893AFF3C274}.Debug|Any CPU.Build.0 = Debug|Any CPU
		{0675EC51-8AF1-4E61-A391-6893AFF3C274}.Release|Any CPU.ActiveCfg = Release|Any CPU
		{0675EC51-8AF1-4E61-A391-6893AFF3C274}.Release|Any CPU.Build.0 = Release|Any CPU
		{A564E6F6-39A6-4012-826F-B16D7440AE3E}.Debug|Any CPU.ActiveCfg = Debug|Any CPU
		{A564E6F6-39A6-4012-826F-B16D7440AE3E}.Debug|Any CPU.Build.0 = Debug|Any CPU
		{A564E6F6-39A6-4012-826F-B16D7440AE3E}.Release|Any CPU.ActiveCfg = Release|Any CPU
		{A564E6F6-39A6-4012-826F-B16D7440AE3E}.Release|Any CPU.Build.0 = Release|Any CPU
		{1FBE3588-5896-4AF2-BCC8-B9CB09CE6802}.Debug|Any CPU.ActiveCfg = Debug|Any CPU
		{1FBE3588-5896-4AF2-BCC8-B9CB09CE6802}.Debug|Any CPU.Build.0 = Debug|Any CPU
		{1FBE3588-5896-4AF2-BCC8-B9CB09CE6802}.Release|Any CPU.ActiveCfg = Release|Any CPU
		{1FBE3588-5896-4AF2-BCC8-B9CB09CE6802}.Release|Any CPU.Build.0 = Release|Any CPU
		{809ED039-9173-4AB2-9E80-92710643D24B}.Debug|Any CPU.ActiveCfg = Debug|Any CPU
		{809ED039-9173-4AB2-9E80-92710643D24B}.Debug|Any CPU.Build.0 = Debug|Any CPU
		{809ED039-9173-4AB2-9E80-92710643D24B}.Release|Any CPU.ActiveCfg = Release|Any CPU
		{809ED039-9173-4AB2-9E80-92710643D24B}.Release|Any CPU.Build.0 = Release|Any CPU
	EndGlobalSection
	GlobalSection(SolutionProperties) = preSolution
		HideSolutionNode = FALSE
	EndGlobalSection
EndGlobal
